# THIS IS AN AUTOGENERATED FILE. DO NOT EDIT THIS FILE DIRECTLY.
# yarn lockfile v1


any-promise@~0.1.0:
  version "0.1.0"
  resolved "https://registry.yarnpkg.com/any-promise/-/any-promise-0.1.0.tgz#830b680aa7e56f33451d4b049f3bd8044498ee27"

async@^1.4.2, async@^1.5.2:
  version "1.5.2"
  resolved "https://registry.yarnpkg.com/async/-/async-1.5.2.tgz#ec6a61ae56480c0c3cb241c95618e20892f9672a"

cache-manager-fs@^1.0.6:
  version "1.0.6"
  resolved "https://registry.yarnpkg.com/cache-manager-fs/-/cache-manager-fs-1.0.6.tgz#7b523a55751f548a2db96f19dd0d3651cfc9e523"
  dependencies:
    async "^1.4.2"
    cache-manager "^1.1.0"
    extend "^3.0.0"
    fs-promise "^0.3.1"
    uuid "^2.0.1"

cache-manager@^1.1.0:
  version "1.5.0"
  resolved "https://registry.yarnpkg.com/cache-manager/-/cache-manager-1.5.0.tgz#529214bda57fa19514d106f070fabb16c3190811"
  dependencies:
    async "^1.5.2"
    lru-cache "4.0.0"

extend@^3.0.0:
  version "3.0.2"
  resolved "https://registry.yarnpkg.com/extend/-/extend-3.0.2.tgz#f8b1136b4071fbd8eb140aff858b1019ec2915fa"

fs-promise@^0.3.1:
  version "0.3.1"
  resolved "https://registry.yarnpkg.com/fs-promise/-/fs-promise-0.3.1.tgz#bf34050368f24d6dc9dfc6688ab5cead8f86842a"
  dependencies:
    any-promise "~0.1.0"

lru-cache@4.0.0:
  version "4.0.0"
  resolved "https://registry.yarnpkg.com/lru-cache/-/lru-cache-4.0.0.tgz#b5cbf01556c16966febe54ceec0fb4dc90df6c28"
  dependencies:
    pseudomap "^1.0.1"
    yallist "^2.0.0"

pseudomap@^1.0.1:
  version "1.0.2"
  resolved "https://registry.yarnpkg.com/pseudomap/-/pseudomap-1.0.2.tgz#f052a28da70e618917ef0a8ac34c1ae5a68286b3"

uuid@^2.0.1:
  version "2.0.3"
  resolved "https://registry.yarnpkg.com/uuid/-/uuid-2.0.3.tgz#67e2e863797215530dff318e5bf9dcebfd47b21a"

yallist@^2.0.0:
  version "2.1.2"
  resolved "https://registry.yarnpkg.com/yallist/-/yallist-2.1.2.tgz#1c11f9218f076089a47dd512f93c6699a6a81d52"
